schema: '2.0'
stages:
  data_ingestion:
    cmd: python src/data_ingestion.py
    deps:
    - path: src/data_ingestion.py
      hash: md5
      md5: 877761c9a3b1d9ddc6a515e19d5d080a
      size: 3675
    params:
      params.yaml:
        data_ingestion.test_size: 0.3
    outs:
    - path: data/raw
      hash: md5
      md5: d26befd2dda9438254177d9000d9ba1f.dir
      size: 484846
      nfiles: 2
  data_preprocessing:
    cmd: python src/data_preprocessing.py
    deps:
    - path: data/raw
      hash: md5
      md5: d26befd2dda9438254177d9000d9ba1f.dir
      size: 484846
      nfiles: 2
    - path: src/data_preprocessing.py
      hash: md5
      md5: 07e576480f7284393ba83f8bc10ff8cb
      size: 3975
    outs:
    - path: data/interim
      hash: md5
      md5: 61ca13b2e20854a1f7bacbbcfeca409e.dir
      size: 262513
      nfiles: 2
  feature_engineering:
    cmd: python src/feature_engineering.py
    deps:
    - path: data/interim
      hash: md5
      md5: 61ca13b2e20854a1f7bacbbcfeca409e.dir
      size: 262513
      nfiles: 2
    - path: src/feature_engineering.py
      hash: md5
      md5: 81827bb8564fbc3c9d4b62443b6edfde
      size: 3918
    params:
      params.yaml:
        feature_engineering.max_features: 50
    outs:
    - path: data/processed
      hash: md5
      md5: f9a2073e31e230fe88ec836c0c6fa216.dir
      size: 1073352
      nfiles: 2
  model_building:
    cmd: python src/model_building.py
    deps:
    - path: data/processed
      hash: md5
      md5: f9a2073e31e230fe88ec836c0c6fa216.dir
      size: 1073352
      nfiles: 2
    - path: src/model_building.py
      hash: md5
      md5: 84753c8f5e9f97d7296983728bbb56cb
      size: 4489
    params:
      params.yaml:
        model_building.n_estimators: 20
        model_building.random_state: 2
    outs:
    - path: models/model.pkl
      hash: md5
      md5: 6148216a9d8d8ddc901d1f235b6f37e9
      size: 689622
  model_evaluation:
    cmd: python src/model_evaluation.py
    deps:
    - path: models/model.pkl
      hash: md5
      md5: 6148216a9d8d8ddc901d1f235b6f37e9
      size: 689622
    - path: src/model_evaluation.py
      hash: md5
      md5: a0f6ce03c5af44c1690e6c7d03741404
      size: 4647
    outs:
    - path: reports/metrics.json
      hash: md5
      md5: 92ef7433801a644a43c4989586c8ac1d
      size: 144
